
Microsoft Visual Studio Solution File, Format Version 12.00
# Visual Studio 15
VisualStudioVersion = 15.0.27004.2010
MinimumVisualStudioVersion = 10.0.40219.1
Project("{9A19103F-16F7-4668-BE54-9A1E7A4F7556}") = "ZenPlatform.Tests", "ZenPlatform.Tests\ZenPlatform.Tests.csproj", "{D52C49C5-0F1F-467F-A730-BAAF1D0E6D22}"
EndProject
Project("{9A19103F-16F7-4668-BE54-9A1E7A4F7556}") = "ZenPlatform.Configuration", "ZenPlatform.Configuration\ZenPlatform.Configuration.csproj", "{83A2D27E-C01A-4338-997A-8F407573DA0C}"
EndProject
Project("{9A19103F-16F7-4668-BE54-9A1E7A4F7556}") = "ZenPlatform.Data", "ZenPlatform.Data\ZenPlatform.Data.csproj", "{5811219B-6CB7-4AAB-92BA-BD941FC43883}"
EndProject
Project("{9A19103F-16F7-4668-BE54-9A1E7A4F7556}") = "ZenPlatform.Migration", "ZenPlatform.Migration\ZenPlatform.Migration.csproj", "{5F9D872F-2B23-440F-AC83-99D20293349D}"
EndProject
Project("{9A19103F-16F7-4668-BE54-9A1E7A4F7556}") = "ZenPlatform.Cli", "ZenPlatform.Builder\ZenPlatform.Cli.csproj", "{4A7467AC-ED2E-4A96-8537-1CE038038E9B}"
EndProject
Project("{9A19103F-16F7-4668-BE54-9A1E7A4F7556}") = "ZenPlatform.PlatformCodeGenerator", "ZenPlatform.PlatformCodeGenerator\ZenPlatform.PlatformCodeGenerator.csproj", "{6018B169-B349-4405-8A6E-9CDC77DD104F}"
EndProject
Project("{9A19103F-16F7-4668-BE54-9A1E7A4F7556}") = "ZenPlatform.DataComponent", "ZenPlatform.ConfigurationDataComponent\ZenPlatform.DataComponent.csproj", "{595EFE31-5BF9-4C4D-B93E-55AA3831E216}"
EndProject
Project("{9A19103F-16F7-4668-BE54-9A1E7A4F7556}") = "ZenPlatform.EntityComponent", "ZenPlatform.EntityComponent\ZenPlatform.EntityComponent.csproj", "{1416F06A-2DD0-4573-8BEB-75547AADAF10}"
EndProject
Project("{9A19103F-16F7-4668-BE54-9A1E7A4F7556}") = "ZenPlatform.Core", "ZenPlatform.Core\ZenPlatform.Core.csproj", "{3F7B0D57-DE6C-46EA-B9B7-BD153803DCBC}"
EndProject
Project("{9A19103F-16F7-4668-BE54-9A1E7A4F7556}") = "ZenPlatform.System", "ZenPlatform.System\ZenPlatform.System.csproj", "{75EE2FD8-19C0-48E3-8D83-DC7D2CEA317C}"
EndProject
Project("{9A19103F-16F7-4668-BE54-9A1E7A4F7556}") = "ZenPlatform.ThinClient", "ZenPlatform.ThinClient\ZenPlatform.ThinClient.csproj", "{045440C6-4D2C-495A-93C9-20B4F7D65BD1}"
EndProject
Project("{9A19103F-16F7-4668-BE54-9A1E7A4F7556}") = "ZenPlatform.ConnectionServer", "ZenPlatform.ConnectionServer\ZenPlatform.ConnectionServer.csproj", "{0B6D83D1-8DE3-4B32-84C8-2770DBFBB615}"
EndProject
Project("{9A19103F-16F7-4668-BE54-9A1E7A4F7556}") = "ZenPlatform.UIBuilder", "ZenPlatform.UIGeneration2\ZenPlatform.UIBuilder.csproj", "{6298E023-E6CF-422D-B12D-49A64B33D601}"
EndProject
Project("{9A19103F-16F7-4668-BE54-9A1E7A4F7556}") = "ZenPlatform.WorkProcess", "ZenPlatform.ApplicationServer\ZenPlatform.WorkProcess.csproj", "{4276280D-D771-4572-A690-AF8188163F4F}"
EndProject
Project("{9A19103F-16F7-4668-BE54-9A1E7A4F7556}") = "ZenPlatform.Interface", "ZenPlatform.Interface\ZenPlatform.Interface.csproj", "{E4B13439-FDA7-4DE7-AF5A-6AE4230F323D}"
EndProject
Project("{9A19103F-16F7-4668-BE54-9A1E7A4F7556}") = "ZenPlatform.ConfigurationExample", "ZenPlatform.ConfigurationExample\ZenPlatform.ConfigurationExample.csproj", "{9EA75F83-CD94-4FFE-975A-02CD7BC1285C}"
EndProject
Project("{9A19103F-16F7-4668-BE54-9A1E7A4F7556}") = "ZenPlatform.TableComponent", "ZenPlatform.TableComponent\ZenPlatform.TableComponent.csproj", "{8C3B2DA4-EBBC-4C4A-854C-50177692B643}"
EndProject
Project("{9A19103F-16F7-4668-BE54-9A1E7A4F7556}") = "ZenPlatform.ReferenceComponent", "ZenPlatform.ReferenceComponent\ZenPlatform.ReferenceComponent.csproj", "{CA3F5437-8A27-4DA3-BCB2-50680D0F6013}"
EndProject
Project("{9A19103F-16F7-4668-BE54-9A1E7A4F7556}") = "ZenPlatform.InformationRegisterComponent", "ZenPlatform.InformationRegisterComponent\ZenPlatform.InformationRegisterComponent.csproj", "{D7B14B63-5805-4D83-9602-1647E1D45421}"
EndProject
Project("{2150E333-8FDC-42A3-9474-1A3956D46DE8}") = "Components", "Components", "{DCBBB387-C25A-4571-8267-BEAA839EB1E8}"
EndProject
Project("{9A19103F-16F7-4668-BE54-9A1E7A4F7556}") = "ZenPlatform.AcumulateRegisterComponent", "ZenPlatform.AacumulateRegisterComponent\ZenPlatform.AcumulateRegisterComponent.csproj", "{619F2E8F-1843-410B-AEF6-DF1AE66DF170}"
EndProject
Project("{2150E333-8FDC-42A3-9474-1A3956D46DE8}") = "IDE", "IDE", "{9BC66EAE-D56B-4FCF-8C91-5332F97180D2}"
EndProject
Project("{2150E333-8FDC-42A3-9474-1A3956D46DE8}") = "UI", "UI", "{3EE6451A-06AB-4635-BC3E-2CD05075D9A4}"
EndProject
Project("{9A19103F-16F7-4668-BE54-9A1E7A4F7556}") = "ZenPlatform.IDE", "ZenPlatform.IDE\ZenPlatform.IDE.csproj", "{F9576AA1-E4DA-44D3-9131-C083D5B3599E}"
EndProject
Project("{2150E333-8FDC-42A3-9474-1A3956D46DE8}") = "Tests", "Tests", "{60F9DF35-0F24-4B1B-AE89-43D43BAF8160}"
EndProject
Project("{9A19103F-16F7-4668-BE54-9A1E7A4F7556}") = "ZenPlatform.QueryBuilder", "ZenPlatform.QueryBuilder2\ZenPlatform.QueryBuilder.csproj", "{87A98FDD-B41C-4828-BDCC-C0014DB0CB26}"
EndProject
Project("{9A19103F-16F7-4668-BE54-9A1E7A4F7556}") = "ZenPlatform.ServerManagementTool", "ZenPlatform.ServerManagementTool\ZenPlatform.ServerManagementTool.csproj", "{B3D50BBE-68B5-46EF-A308-129E8862241E}"
EndProject
Project("{9A19103F-16F7-4668-BE54-9A1E7A4F7556}") = "ZenPlatform.Settings", "ZenPlatform.Settings\ZenPlatform.Settings.csproj", "{337434DB-58FA-474F-8A9F-EE5C9FD80EF9}"
EndProject
Project("{9A19103F-16F7-4668-BE54-9A1E7A4F7556}") = "ZenPlatform.Shared", "ZenPlatform.Shared\ZenPlatform.Shared.csproj", "{D95C261A-8C0F-4DC0-91C6-90C46C31B80F}"
EndProject
Project("{2150E333-8FDC-42A3-9474-1A3956D46DE8}") = "Examples", "Examples", "{A81AD719-77EB-4159-9DE9-8E8C2C0229AA}"
EndProject
Project("{2150E333-8FDC-42A3-9474-1A3956D46DE8}") = "CLI", "CLI", "{F2678B32-9C12-46F0-B974-F0CA729EB05E}"
EndProject
Project("{9A19103F-16F7-4668-BE54-9A1E7A4F7556}") = "ZenPlatform.Initializer", "ZenPlatform.Initializer\ZenPlatform.Initializer.csproj", "{35C9D631-02CF-4DFD-9B59-71DC69489733}"
EndProject
Project("{9A19103F-16F7-4668-BE54-9A1E7A4F7556}") = "ZenPlatform.QueryUIBuilder", "ZenPlatform.QueryUIBuilder\ZenPlatform.QueryUIBuilder.csproj", "{D1D8377F-6FA1-4B09-BC43-D30758AF7103}"
EndProject
Project("{FAE04EC0-301F-11D3-BF4B-00C04F79EFBC}") = "ZenPlatform.ConfigurationServer", "ZenPlatform.ConfigurationServer\ZenPlatform.ConfigurationServer.csproj", "{E38829E8-E501-4222-BB70-DA023F9BADD2}"
EndProject
Project("{FAE04EC0-301F-11D3-BF4B-00C04F79EFBC}") = "ZenPlatform.ConfigurationServerClient", "ZenPlatform.ConfigurationServerClient\ZenPlatform.ConfigurationServerClient.csproj", "{255ACB94-338C-47DA-818A-3E0ABE5455B6}"
EndProject
Project("{FAE04EC0-301F-11D3-BF4B-00C04F79EFBC}") = "ZenPlatform.ConfigurationServerShared", "ZenPlatform.ConfigurationServerShared\ZenPlatform.ConfigurationServerShared.csproj", "{3B0EB2A7-04C6-4C46-9068-0CB6DF29DCB1}"
EndProject
Global
	GlobalSection(SolutionConfigurationPlatforms) = preSolution
		Debug|Any CPU = Debug|Any CPU
		Debug|x86 = Debug|x86
		Release|Any CPU = Release|Any CPU
		Release|x86 = Release|x86
	EndGlobalSection
	GlobalSection(ProjectConfigurationPlatforms) = postSolution
		{D52C49C5-0F1F-467F-A730-BAAF1D0E6D22}.Debug|Any CPU.ActiveCfg = Debug|Any CPU
		{D52C49C5-0F1F-467F-A730-BAAF1D0E6D22}.Debug|Any CPU.Build.0 = Debug|Any CPU
		{D52C49C5-0F1F-467F-A730-BAAF1D0E6D22}.Debug|x86.ActiveCfg = Debug|Any CPU
		{D52C49C5-0F1F-467F-A730-BAAF1D0E6D22}.Debug|x86.Build.0 = Debug|Any CPU
		{D52C49C5-0F1F-467F-A730-BAAF1D0E6D22}.Release|Any CPU.ActiveCfg = Release|Any CPU
		{D52C49C5-0F1F-467F-A730-BAAF1D0E6D22}.Release|Any CPU.Build.0 = Release|Any CPU
		{D52C49C5-0F1F-467F-A730-BAAF1D0E6D22}.Release|x86.ActiveCfg = Release|Any CPU
		{D52C49C5-0F1F-467F-A730-BAAF1D0E6D22}.Release|x86.Build.0 = Release|Any CPU
		{83A2D27E-C01A-4338-997A-8F407573DA0C}.Debug|Any CPU.ActiveCfg = Debug|Any CPU
		{83A2D27E-C01A-4338-997A-8F407573DA0C}.Debug|Any CPU.Build.0 = Debug|Any CPU
		{83A2D27E-C01A-4338-997A-8F407573DA0C}.Debug|x86.ActiveCfg = Debug|Any CPU
		{83A2D27E-C01A-4338-997A-8F407573DA0C}.Debug|x86.Build.0 = Debug|Any CPU
		{83A2D27E-C01A-4338-997A-8F407573DA0C}.Release|Any CPU.ActiveCfg = Release|Any CPU
		{83A2D27E-C01A-4338-997A-8F407573DA0C}.Release|Any CPU.Build.0 = Release|Any CPU
		{83A2D27E-C01A-4338-997A-8F407573DA0C}.Release|x86.ActiveCfg = Release|Any CPU
		{83A2D27E-C01A-4338-997A-8F407573DA0C}.Release|x86.Build.0 = Release|Any CPU
		{5811219B-6CB7-4AAB-92BA-BD941FC43883}.Debug|Any CPU.ActiveCfg = Debug|Any CPU
		{5811219B-6CB7-4AAB-92BA-BD941FC43883}.Debug|Any CPU.Build.0 = Debug|Any CPU
		{5811219B-6CB7-4AAB-92BA-BD941FC43883}.Debug|x86.ActiveCfg = Debug|Any CPU
		{5811219B-6CB7-4AAB-92BA-BD941FC43883}.Debug|x86.Build.0 = Debug|Any CPU
		{5811219B-6CB7-4AAB-92BA-BD941FC43883}.Release|Any CPU.ActiveCfg = Release|Any CPU
		{5811219B-6CB7-4AAB-92BA-BD941FC43883}.Release|Any CPU.Build.0 = Release|Any CPU
		{5811219B-6CB7-4AAB-92BA-BD941FC43883}.Release|x86.ActiveCfg = Release|Any CPU
		{5811219B-6CB7-4AAB-92BA-BD941FC43883}.Release|x86.Build.0 = Release|Any CPU
		{5F9D872F-2B23-440F-AC83-99D20293349D}.Debug|Any CPU.ActiveCfg = Debug|Any CPU
		{5F9D872F-2B23-440F-AC83-99D20293349D}.Debug|Any CPU.Build.0 = Debug|Any CPU
		{5F9D872F-2B23-440F-AC83-99D20293349D}.Debug|x86.ActiveCfg = Debug|Any CPU
		{5F9D872F-2B23-440F-AC83-99D20293349D}.Debug|x86.Build.0 = Debug|Any CPU
		{5F9D872F-2B23-440F-AC83-99D20293349D}.Release|Any CPU.ActiveCfg = Release|Any CPU
		{5F9D872F-2B23-440F-AC83-99D20293349D}.Release|Any CPU.Build.0 = Release|Any CPU
		{5F9D872F-2B23-440F-AC83-99D20293349D}.Release|x86.ActiveCfg = Release|Any CPU
		{5F9D872F-2B23-440F-AC83-99D20293349D}.Release|x86.Build.0 = Release|Any CPU
		{4A7467AC-ED2E-4A96-8537-1CE038038E9B}.Debug|Any CPU.ActiveCfg = Debug|Any CPU
		{4A7467AC-ED2E-4A96-8537-1CE038038E9B}.Debug|Any CPU.Build.0 = Debug|Any CPU
		{4A7467AC-ED2E-4A96-8537-1CE038038E9B}.Debug|x86.ActiveCfg = Debug|Any CPU
		{4A7467AC-ED2E-4A96-8537-1CE038038E9B}.Debug|x86.Build.0 = Debug|Any CPU
		{4A7467AC-ED2E-4A96-8537-1CE038038E9B}.Release|Any CPU.ActiveCfg = Release|Any CPU
		{4A7467AC-ED2E-4A96-8537-1CE038038E9B}.Release|Any CPU.Build.0 = Release|Any CPU
		{4A7467AC-ED2E-4A96-8537-1CE038038E9B}.Release|x86.ActiveCfg = Release|Any CPU
		{4A7467AC-ED2E-4A96-8537-1CE038038E9B}.Release|x86.Build.0 = Release|Any CPU
		{6018B169-B349-4405-8A6E-9CDC77DD104F}.Debug|Any CPU.ActiveCfg = Debug|Any CPU
		{6018B169-B349-4405-8A6E-9CDC77DD104F}.Debug|Any CPU.Build.0 = Debug|Any CPU
		{6018B169-B349-4405-8A6E-9CDC77DD104F}.Debug|x86.ActiveCfg = Debug|Any CPU
		{6018B169-B349-4405-8A6E-9CDC77DD104F}.Debug|x86.Build.0 = Debug|Any CPU
		{6018B169-B349-4405-8A6E-9CDC77DD104F}.Release|Any CPU.ActiveCfg = Release|Any CPU
		{6018B169-B349-4405-8A6E-9CDC77DD104F}.Release|Any CPU.Build.0 = Release|Any CPU
		{6018B169-B349-4405-8A6E-9CDC77DD104F}.Release|x86.ActiveCfg = Release|Any CPU
		{6018B169-B349-4405-8A6E-9CDC77DD104F}.Release|x86.Build.0 = Release|Any CPU
		{595EFE31-5BF9-4C4D-B93E-55AA3831E216}.Debug|Any CPU.ActiveCfg = Debug|Any CPU
		{595EFE31-5BF9-4C4D-B93E-55AA3831E216}.Debug|Any CPU.Build.0 = Debug|Any CPU
		{595EFE31-5BF9-4C4D-B93E-55AA3831E216}.Debug|x86.ActiveCfg = Debug|Any CPU
		{595EFE31-5BF9-4C4D-B93E-55AA3831E216}.Debug|x86.Build.0 = Debug|Any CPU
		{595EFE31-5BF9-4C4D-B93E-55AA3831E216}.Release|Any CPU.ActiveCfg = Release|Any CPU
		{595EFE31-5BF9-4C4D-B93E-55AA3831E216}.Release|Any CPU.Build.0 = Release|Any CPU
		{595EFE31-5BF9-4C4D-B93E-55AA3831E216}.Release|x86.ActiveCfg = Release|Any CPU
		{595EFE31-5BF9-4C4D-B93E-55AA3831E216}.Release|x86.Build.0 = Release|Any CPU
		{1416F06A-2DD0-4573-8BEB-75547AADAF10}.Debug|Any CPU.ActiveCfg = Debug|Any CPU
		{1416F06A-2DD0-4573-8BEB-75547AADAF10}.Debug|Any CPU.Build.0 = Debug|Any CPU
		{1416F06A-2DD0-4573-8BEB-75547AADAF10}.Debug|x86.ActiveCfg = Debug|Any CPU
		{1416F06A-2DD0-4573-8BEB-75547AADAF10}.Debug|x86.Build.0 = Debug|Any CPU
		{1416F06A-2DD0-4573-8BEB-75547AADAF10}.Release|Any CPU.ActiveCfg = Release|Any CPU
		{1416F06A-2DD0-4573-8BEB-75547AADAF10}.Release|Any CPU.Build.0 = Release|Any CPU
		{1416F06A-2DD0-4573-8BEB-75547AADAF10}.Release|x86.ActiveCfg = Release|Any CPU
		{1416F06A-2DD0-4573-8BEB-75547AADAF10}.Release|x86.Build.0 = Release|Any CPU
		{3F7B0D57-DE6C-46EA-B9B7-BD153803DCBC}.Debug|Any CPU.ActiveCfg = Debug|Any CPU
		{3F7B0D57-DE6C-46EA-B9B7-BD153803DCBC}.Debug|Any CPU.Build.0 = Debug|Any CPU
		{3F7B0D57-DE6C-46EA-B9B7-BD153803DCBC}.Debug|x86.ActiveCfg = Debug|Any CPU
		{3F7B0D57-DE6C-46EA-B9B7-BD153803DCBC}.Debug|x86.Build.0 = Debug|Any CPU
		{3F7B0D57-DE6C-46EA-B9B7-BD153803DCBC}.Release|Any CPU.ActiveCfg = Release|Any CPU
		{3F7B0D57-DE6C-46EA-B9B7-BD153803DCBC}.Release|Any CPU.Build.0 = Release|Any CPU
		{3F7B0D57-DE6C-46EA-B9B7-BD153803DCBC}.Release|x86.ActiveCfg = Release|Any CPU
		{3F7B0D57-DE6C-46EA-B9B7-BD153803DCBC}.Release|x86.Build.0 = Release|Any CPU
		{75EE2FD8-19C0-48E3-8D83-DC7D2CEA317C}.Debug|Any CPU.ActiveCfg = Debug|Any CPU
		{75EE2FD8-19C0-48E3-8D83-DC7D2CEA317C}.Debug|Any CPU.Build.0 = Debug|Any CPU
		{75EE2FD8-19C0-48E3-8D83-DC7D2CEA317C}.Debug|x86.ActiveCfg = Debug|Any CPU
		{75EE2FD8-19C0-48E3-8D83-DC7D2CEA317C}.Debug|x86.Build.0 = Debug|Any CPU
		{75EE2FD8-19C0-48E3-8D83-DC7D2CEA317C}.Release|Any CPU.ActiveCfg = Release|Any CPU
		{75EE2FD8-19C0-48E3-8D83-DC7D2CEA317C}.Release|Any CPU.Build.0 = Release|Any CPU
		{75EE2FD8-19C0-48E3-8D83-DC7D2CEA317C}.Release|x86.ActiveCfg = Release|Any CPU
		{75EE2FD8-19C0-48E3-8D83-DC7D2CEA317C}.Release|x86.Build.0 = Release|Any CPU
		{045440C6-4D2C-495A-93C9-20B4F7D65BD1}.Debug|Any CPU.ActiveCfg = Debug|Any CPU
		{045440C6-4D2C-495A-93C9-20B4F7D65BD1}.Debug|Any CPU.Build.0 = Debug|Any CPU
		{045440C6-4D2C-495A-93C9-20B4F7D65BD1}.Debug|x86.ActiveCfg = Debug|Any CPU
		{045440C6-4D2C-495A-93C9-20B4F7D65BD1}.Debug|x86.Build.0 = Debug|Any CPU
		{045440C6-4D2C-495A-93C9-20B4F7D65BD1}.Release|Any CPU.ActiveCfg = Release|Any CPU
		{045440C6-4D2C-495A-93C9-20B4F7D65BD1}.Release|Any CPU.Build.0 = Release|Any CPU
		{045440C6-4D2C-495A-93C9-20B4F7D65BD1}.Release|x86.ActiveCfg = Release|Any CPU
		{045440C6-4D2C-495A-93C9-20B4F7D65BD1}.Release|x86.Build.0 = Release|Any CPU
		{0B6D83D1-8DE3-4B32-84C8-2770DBFBB615}.Debug|Any CPU.ActiveCfg = Debug|Any CPU
		{0B6D83D1-8DE3-4B32-84C8-2770DBFBB615}.Debug|Any CPU.Build.0 = Debug|Any CPU
		{0B6D83D1-8DE3-4B32-84C8-2770DBFBB615}.Debug|x86.ActiveCfg = Debug|Any CPU
		{0B6D83D1-8DE3-4B32-84C8-2770DBFBB615}.Debug|x86.Build.0 = Debug|Any CPU
		{0B6D83D1-8DE3-4B32-84C8-2770DBFBB615}.Release|Any CPU.ActiveCfg = Release|Any CPU
		{0B6D83D1-8DE3-4B32-84C8-2770DBFBB615}.Release|Any CPU.Build.0 = Release|Any CPU
		{0B6D83D1-8DE3-4B32-84C8-2770DBFBB615}.Release|x86.ActiveCfg = Release|Any CPU
		{0B6D83D1-8DE3-4B32-84C8-2770DBFBB615}.Release|x86.Build.0 = Release|Any CPU
		{6298E023-E6CF-422D-B12D-49A64B33D601}.Debug|Any CPU.ActiveCfg = Debug|Any CPU
		{6298E023-E6CF-422D-B12D-49A64B33D601}.Debug|Any CPU.Build.0 = Debug|Any CPU
		{6298E023-E6CF-422D-B12D-49A64B33D601}.Debug|x86.ActiveCfg = Debug|Any CPU
		{6298E023-E6CF-422D-B12D-49A64B33D601}.Debug|x86.Build.0 = Debug|Any CPU
		{6298E023-E6CF-422D-B12D-49A64B33D601}.Release|Any CPU.ActiveCfg = Release|Any CPU
		{6298E023-E6CF-422D-B12D-49A64B33D601}.Release|Any CPU.Build.0 = Release|Any CPU
		{6298E023-E6CF-422D-B12D-49A64B33D601}.Release|x86.ActiveCfg = Release|Any CPU
		{6298E023-E6CF-422D-B12D-49A64B33D601}.Release|x86.Build.0 = Release|Any CPU
		{4276280D-D771-4572-A690-AF8188163F4F}.Debug|Any CPU.ActiveCfg = Debug|Any CPU
		{4276280D-D771-4572-A690-AF8188163F4F}.Debug|Any CPU.Build.0 = Debug|Any CPU
		{4276280D-D771-4572-A690-AF8188163F4F}.Debug|x86.ActiveCfg = Debug|Any CPU
		{4276280D-D771-4572-A690-AF8188163F4F}.Debug|x86.Build.0 = Debug|Any CPU
		{4276280D-D771-4572-A690-AF8188163F4F}.Release|Any CPU.ActiveCfg = Release|Any CPU
		{4276280D-D771-4572-A690-AF8188163F4F}.Release|Any CPU.Build.0 = Release|Any CPU
		{4276280D-D771-4572-A690-AF8188163F4F}.Release|x86.ActiveCfg = Release|Any CPU
		{4276280D-D771-4572-A690-AF8188163F4F}.Release|x86.Build.0 = Release|Any CPU
		{E4B13439-FDA7-4DE7-AF5A-6AE4230F323D}.Debug|Any CPU.ActiveCfg = Debug|Any CPU
		{E4B13439-FDA7-4DE7-AF5A-6AE4230F323D}.Debug|Any CPU.Build.0 = Debug|Any CPU
		{E4B13439-FDA7-4DE7-AF5A-6AE4230F323D}.Debug|x86.ActiveCfg = Debug|Any CPU
		{E4B13439-FDA7-4DE7-AF5A-6AE4230F323D}.Debug|x86.Build.0 = Debug|Any CPU
		{E4B13439-FDA7-4DE7-AF5A-6AE4230F323D}.Release|Any CPU.ActiveCfg = Release|Any CPU
		{E4B13439-FDA7-4DE7-AF5A-6AE4230F323D}.Release|Any CPU.Build.0 = Release|Any CPU
		{E4B13439-FDA7-4DE7-AF5A-6AE4230F323D}.Release|x86.ActiveCfg = Release|Any CPU
		{E4B13439-FDA7-4DE7-AF5A-6AE4230F323D}.Release|x86.Build.0 = Release|Any CPU
		{9EA75F83-CD94-4FFE-975A-02CD7BC1285C}.Debug|Any CPU.ActiveCfg = Debug|Any CPU
		{9EA75F83-CD94-4FFE-975A-02CD7BC1285C}.Debug|Any CPU.Build.0 = Debug|Any CPU
		{9EA75F83-CD94-4FFE-975A-02CD7BC1285C}.Debug|x86.ActiveCfg = Debug|Any CPU
		{9EA75F83-CD94-4FFE-975A-02CD7BC1285C}.Debug|x86.Build.0 = Debug|Any CPU
		{9EA75F83-CD94-4FFE-975A-02CD7BC1285C}.Release|Any CPU.ActiveCfg = Release|Any CPU
		{9EA75F83-CD94-4FFE-975A-02CD7BC1285C}.Release|Any CPU.Build.0 = Release|Any CPU
		{9EA75F83-CD94-4FFE-975A-02CD7BC1285C}.Release|x86.ActiveCfg = Release|Any CPU
		{9EA75F83-CD94-4FFE-975A-02CD7BC1285C}.Release|x86.Build.0 = Release|Any CPU
		{8C3B2DA4-EBBC-4C4A-854C-50177692B643}.Debug|Any CPU.ActiveCfg = Debug|Any CPU
		{8C3B2DA4-EBBC-4C4A-854C-50177692B643}.Debug|Any CPU.Build.0 = Debug|Any CPU
		{8C3B2DA4-EBBC-4C4A-854C-50177692B643}.Debug|x86.ActiveCfg = Debug|Any CPU
		{8C3B2DA4-EBBC-4C4A-854C-50177692B643}.Debug|x86.Build.0 = Debug|Any CPU
		{8C3B2DA4-EBBC-4C4A-854C-50177692B643}.Release|Any CPU.ActiveCfg = Release|Any CPU
		{8C3B2DA4-EBBC-4C4A-854C-50177692B643}.Release|Any CPU.Build.0 = Release|Any CPU
		{8C3B2DA4-EBBC-4C4A-854C-50177692B643}.Release|x86.ActiveCfg = Release|Any CPU
		{8C3B2DA4-EBBC-4C4A-854C-50177692B643}.Release|x86.Build.0 = Release|Any CPU
		{CA3F5437-8A27-4DA3-BCB2-50680D0F6013}.Debug|Any CPU.ActiveCfg = Debug|Any CPU
		{CA3F5437-8A27-4DA3-BCB2-50680D0F6013}.Debug|Any CPU.Build.0 = Debug|Any CPU
		{CA3F5437-8A27-4DA3-BCB2-50680D0F6013}.Debug|x86.ActiveCfg = Debug|Any CPU
		{CA3F5437-8A27-4DA3-BCB2-50680D0F6013}.Debug|x86.Build.0 = Debug|Any CPU
		{CA3F5437-8A27-4DA3-BCB2-50680D0F6013}.Release|Any CPU.ActiveCfg = Release|Any CPU
		{CA3F5437-8A27-4DA3-BCB2-50680D0F6013}.Release|Any CPU.Build.0 = Release|Any CPU
		{CA3F5437-8A27-4DA3-BCB2-50680D0F6013}.Release|x86.ActiveCfg = Release|Any CPU
		{CA3F5437-8A27-4DA3-BCB2-50680D0F6013}.Release|x86.Build.0 = Release|Any CPU
		{D7B14B63-5805-4D83-9602-1647E1D45421}.Debug|Any CPU.ActiveCfg = Debug|Any CPU
		{D7B14B63-5805-4D83-9602-1647E1D45421}.Debug|Any CPU.Build.0 = Debug|Any CPU
		{D7B14B63-5805-4D83-9602-1647E1D45421}.Debug|x86.ActiveCfg = Debug|Any CPU
		{D7B14B63-5805-4D83-9602-1647E1D45421}.Debug|x86.Build.0 = Debug|Any CPU
		{D7B14B63-5805-4D83-9602-1647E1D45421}.Release|Any CPU.ActiveCfg = Release|Any CPU
		{D7B14B63-5805-4D83-9602-1647E1D45421}.Release|Any CPU.Build.0 = Release|Any CPU
		{D7B14B63-5805-4D83-9602-1647E1D45421}.Release|x86.ActiveCfg = Release|Any CPU
		{D7B14B63-5805-4D83-9602-1647E1D45421}.Release|x86.Build.0 = Release|Any CPU
		{619F2E8F-1843-410B-AEF6-DF1AE66DF170}.Debug|Any CPU.ActiveCfg = Debug|Any CPU
		{619F2E8F-1843-410B-AEF6-DF1AE66DF170}.Debug|Any CPU.Build.0 = Debug|Any CPU
		{619F2E8F-1843-410B-AEF6-DF1AE66DF170}.Debug|x86.ActiveCfg = Debug|Any CPU
		{619F2E8F-1843-410B-AEF6-DF1AE66DF170}.Debug|x86.Build.0 = Debug|Any CPU
		{619F2E8F-1843-410B-AEF6-DF1AE66DF170}.Release|Any CPU.ActiveCfg = Release|Any CPU
		{619F2E8F-1843-410B-AEF6-DF1AE66DF170}.Release|Any CPU.Build.0 = Release|Any CPU
		{619F2E8F-1843-410B-AEF6-DF1AE66DF170}.Release|x86.ActiveCfg = Release|Any CPU
		{619F2E8F-1843-410B-AEF6-DF1AE66DF170}.Release|x86.Build.0 = Release|Any CPU
		{F9576AA1-E4DA-44D3-9131-C083D5B3599E}.Debug|Any CPU.ActiveCfg = Debug|Any CPU
		{F9576AA1-E4DA-44D3-9131-C083D5B3599E}.Debug|Any CPU.Build.0 = Debug|Any CPU
		{F9576AA1-E4DA-44D3-9131-C083D5B3599E}.Debug|x86.ActiveCfg = Debug|Any CPU
		{F9576AA1-E4DA-44D3-9131-C083D5B3599E}.Debug|x86.Build.0 = Debug|Any CPU
		{F9576AA1-E4DA-44D3-9131-C083D5B3599E}.Release|Any CPU.ActiveCfg = Release|Any CPU
		{F9576AA1-E4DA-44D3-9131-C083D5B3599E}.Release|Any CPU.Build.0 = Release|Any CPU
		{F9576AA1-E4DA-44D3-9131-C083D5B3599E}.Release|x86.ActiveCfg = Release|Any CPU
		{F9576AA1-E4DA-44D3-9131-C083D5B3599E}.Release|x86.Build.0 = Release|Any CPU
		{87A98FDD-B41C-4828-BDCC-C0014DB0CB26}.Debug|Any CPU.ActiveCfg = Debug|Any CPU
		{87A98FDD-B41C-4828-BDCC-C0014DB0CB26}.Debug|Any CPU.Build.0 = Debug|Any CPU
		{87A98FDD-B41C-4828-BDCC-C0014DB0CB26}.Debug|x86.ActiveCfg = Debug|Any CPU
		{87A98FDD-B41C-4828-BDCC-C0014DB0CB26}.Debug|x86.Build.0 = Debug|Any CPU
		{87A98FDD-B41C-4828-BDCC-C0014DB0CB26}.Release|Any CPU.ActiveCfg = Release|Any CPU
		{87A98FDD-B41C-4828-BDCC-C0014DB0CB26}.Release|Any CPU.Build.0 = Release|Any CPU
		{87A98FDD-B41C-4828-BDCC-C0014DB0CB26}.Release|x86.ActiveCfg = Release|Any CPU
		{87A98FDD-B41C-4828-BDCC-C0014DB0CB26}.Release|x86.Build.0 = Release|Any CPU
		{B3D50BBE-68B5-46EF-A308-129E8862241E}.Debug|Any CPU.ActiveCfg = Debug|Any CPU
		{B3D50BBE-68B5-46EF-A308-129E8862241E}.Debug|Any CPU.Build.0 = Debug|Any CPU
		{B3D50BBE-68B5-46EF-A308-129E8862241E}.Debug|x86.ActiveCfg = Debug|Any CPU
		{B3D50BBE-68B5-46EF-A308-129E8862241E}.Debug|x86.Build.0 = Debug|Any CPU
		{B3D50BBE-68B5-46EF-A308-129E8862241E}.Release|Any CPU.ActiveCfg = Release|Any CPU
		{B3D50BBE-68B5-46EF-A308-129E8862241E}.Release|Any CPU.Build.0 = Release|Any CPU
		{B3D50BBE-68B5-46EF-A308-129E8862241E}.Release|x86.ActiveCfg = Release|Any CPU
		{B3D50BBE-68B5-46EF-A308-129E8862241E}.Release|x86.Build.0 = Release|Any CPU
		{337434DB-58FA-474F-8A9F-EE5C9FD80EF9}.Debug|Any CPU.ActiveCfg = Debug|Any CPU
		{337434DB-58FA-474F-8A9F-EE5C9FD80EF9}.Debug|Any CPU.Build.0 = Debug|Any CPU
		{337434DB-58FA-474F-8A9F-EE5C9FD80EF9}.Debug|x86.ActiveCfg = Debug|Any CPU
		{337434DB-58FA-474F-8A9F-EE5C9FD80EF9}.Debug|x86.Build.0 = Debug|Any CPU
		{337434DB-58FA-474F-8A9F-EE5C9FD80EF9}.Release|Any CPU.ActiveCfg = Release|Any CPU
		{337434DB-58FA-474F-8A9F-EE5C9FD80EF9}.Release|Any CPU.Build.0 = Release|Any CPU
		{337434DB-58FA-474F-8A9F-EE5C9FD80EF9}.Release|x86.ActiveCfg = Release|Any CPU
		{337434DB-58FA-474F-8A9F-EE5C9FD80EF9}.Release|x86.Build.0 = Release|Any CPU
		{D95C261A-8C0F-4DC0-91C6-90C46C31B80F}.Debug|Any CPU.ActiveCfg = Debug|Any CPU
		{D95C261A-8C0F-4DC0-91C6-90C46C31B80F}.Debug|Any CPU.Build.0 = Debug|Any CPU
		{D95C261A-8C0F-4DC0-91C6-90C46C31B80F}.Debug|x86.ActiveCfg = Debug|Any CPU
		{D95C261A-8C0F-4DC0-91C6-90C46C31B80F}.Debug|x86.Build.0 = Debug|Any CPU
		{D95C261A-8C0F-4DC0-91C6-90C46C31B80F}.Release|Any CPU.ActiveCfg = Release|Any CPU
		{D95C261A-8C0F-4DC0-91C6-90C46C31B80F}.Release|Any CPU.Build.0 = Release|Any CPU
		{D95C261A-8C0F-4DC0-91C6-90C46C31B80F}.Release|x86.ActiveCfg = Release|Any CPU
		{D95C261A-8C0F-4DC0-91C6-90C46C31B80F}.Release|x86.Build.0 = Release|Any CPU
		{35C9D631-02CF-4DFD-9B59-71DC69489733}.Debug|Any CPU.ActiveCfg = Debug|Any CPU
		{35C9D631-02CF-4DFD-9B59-71DC69489733}.Debug|Any CPU.Build.0 = Debug|Any CPU
		{35C9D631-02CF-4DFD-9B59-71DC69489733}.Debug|x86.ActiveCfg = Debug|Any CPU
		{35C9D631-02CF-4DFD-9B59-71DC69489733}.Debug|x86.Build.0 = Debug|Any CPU
		{35C9D631-02CF-4DFD-9B59-71DC69489733}.Release|Any CPU.ActiveCfg = Release|Any CPU
		{35C9D631-02CF-4DFD-9B59-71DC69489733}.Release|Any CPU.Build.0 = Release|Any CPU
		{35C9D631-02CF-4DFD-9B59-71DC69489733}.Release|x86.ActiveCfg = Release|Any CPU
		{35C9D631-02CF-4DFD-9B59-71DC69489733}.Release|x86.Build.0 = Release|Any CPU
		{D1D8377F-6FA1-4B09-BC43-D30758AF7103}.Debug|Any CPU.ActiveCfg = Debug|Any CPU
		{D1D8377F-6FA1-4B09-BC43-D30758AF7103}.Debug|Any CPU.Build.0 = Debug|Any CPU
		{D1D8377F-6FA1-4B09-BC43-D30758AF7103}.Debug|x86.ActiveCfg = Debug|Any CPU
		{D1D8377F-6FA1-4B09-BC43-D30758AF7103}.Debug|x86.Build.0 = Debug|Any CPU
		{D1D8377F-6FA1-4B09-BC43-D30758AF7103}.Release|Any CPU.ActiveCfg = Release|Any CPU
		{D1D8377F-6FA1-4B09-BC43-D30758AF7103}.Release|Any CPU.Build.0 = Release|Any CPU
		{D1D8377F-6FA1-4B09-BC43-D30758AF7103}.Release|x86.ActiveCfg = Release|Any CPU
		{D1D8377F-6FA1-4B09-BC43-D30758AF7103}.Release|x86.Build.0 = Release|Any CPU
		{E38829E8-E501-4222-BB70-DA023F9BADD2}.Debug|Any CPU.ActiveCfg = Debug|Any CPU
		{E38829E8-E501-4222-BB70-DA023F9BADD2}.Debug|Any CPU.Build.0 = Debug|Any CPU
		{E38829E8-E501-4222-BB70-DA023F9BADD2}.Debug|x86.ActiveCfg = Debug|Any CPU
		{E38829E8-E501-4222-BB70-DA023F9BADD2}.Debug|x86.Build.0 = Debug|Any CPU
		{E38829E8-E501-4222-BB70-DA023F9BADD2}.Release|Any CPU.ActiveCfg = Release|Any CPU
		{E38829E8-E501-4222-BB70-DA023F9BADD2}.Release|Any CPU.Build.0 = Release|Any CPU
		{E38829E8-E501-4222-BB70-DA023F9BADD2}.Release|x86.ActiveCfg = Release|Any CPU
		{E38829E8-E501-4222-BB70-DA023F9BADD2}.Release|x86.Build.0 = Release|Any CPU
		{255ACB94-338C-47DA-818A-3E0ABE5455B6}.Debug|Any CPU.ActiveCfg = Debug|Any CPU
		{255ACB94-338C-47DA-818A-3E0ABE5455B6}.Debug|Any CPU.Build.0 = Debug|Any CPU
		{255ACB94-338C-47DA-818A-3E0ABE5455B6}.Debug|x86.ActiveCfg = Debug|Any CPU
		{255ACB94-338C-47DA-818A-3E0ABE5455B6}.Debug|x86.Build.0 = Debug|Any CPU
		{255ACB94-338C-47DA-818A-3E0ABE5455B6}.Release|Any CPU.ActiveCfg = Release|Any CPU
		{255ACB94-338C-47DA-818A-3E0ABE5455B6}.Release|Any CPU.Build.0 = Release|Any CPU
		{255ACB94-338C-47DA-818A-3E0ABE5455B6}.Release|x86.ActiveCfg = Release|Any CPU
		{255ACB94-338C-47DA-818A-3E0ABE5455B6}.Release|x86.Build.0 = Release|Any CPU
		{3B0EB2A7-04C6-4C46-9068-0CB6DF29DCB1}.Debug|Any CPU.ActiveCfg = Debug|Any CPU
		{3B0EB2A7-04C6-4C46-9068-0CB6DF29DCB1}.Debug|Any CPU.Build.0 = Debug|Any CPU
		{3B0EB2A7-04C6-4C46-9068-0CB6DF29DCB1}.Debug|x86.ActiveCfg = Debug|Any CPU
		{3B0EB2A7-04C6-4C46-9068-0CB6DF29DCB1}.Debug|x86.Build.0 = Debug|Any CPU
		{3B0EB2A7-04C6-4C46-9068-0CB6DF29DCB1}.Release|Any CPU.ActiveCfg = Release|Any CPU
		{3B0EB2A7-04C6-4C46-9068-0CB6DF29DCB1}.Release|Any CPU.Build.0 = Release|Any CPU
		{3B0EB2A7-04C6-4C46-9068-0CB6DF29DCB1}.Release|x86.ActiveCfg = Release|Any CPU
		{3B0EB2A7-04C6-4C46-9068-0CB6DF29DCB1}.Release|x86.Build.0 = Release|Any CPU
	EndGlobalSection
	GlobalSection(SolutionProperties) = preSolution
		HideSolutionNode = FALSE
	EndGlobalSection
	GlobalSection(NestedProjects) = preSolution
		{D52C49C5-0F1F-467F-A730-BAAF1D0E6D22} = {60F9DF35-0F24-4B1B-AE89-43D43BAF8160}
		{4A7467AC-ED2E-4A96-8537-1CE038038E9B} = {F2678B32-9C12-46F0-B974-F0CA729EB05E}
		{595EFE31-5BF9-4C4D-B93E-55AA3831E216} = {DCBBB387-C25A-4571-8267-BEAA839EB1E8}
		{1416F06A-2DD0-4573-8BEB-75547AADAF10} = {DCBBB387-C25A-4571-8267-BEAA839EB1E8}
		{045440C6-4D2C-495A-93C9-20B4F7D65BD1} = {3EE6451A-06AB-4635-BC3E-2CD05075D9A4}
		{6298E023-E6CF-422D-B12D-49A64B33D601} = {3EE6451A-06AB-4635-BC3E-2CD05075D9A4}
		{E4B13439-FDA7-4DE7-AF5A-6AE4230F323D} = {3EE6451A-06AB-4635-BC3E-2CD05075D9A4}
		{9EA75F83-CD94-4FFE-975A-02CD7BC1285C} = {A81AD719-77EB-4159-9DE9-8E8C2C0229AA}
		{8C3B2DA4-EBBC-4C4A-854C-50177692B643} = {DCBBB387-C25A-4571-8267-BEAA839EB1E8}
		{CA3F5437-8A27-4DA3-BCB2-50680D0F6013} = {DCBBB387-C25A-4571-8267-BEAA839EB1E8}
		{D7B14B63-5805-4D83-9602-1647E1D45421} = {DCBBB387-C25A-4571-8267-BEAA839EB1E8}
		{619F2E8F-1843-410B-AEF6-DF1AE66DF170} = {DCBBB387-C25A-4571-8267-BEAA839EB1E8}
		{F9576AA1-E4DA-44D3-9131-C083D5B3599E} = {9BC66EAE-D56B-4FCF-8C91-5332F97180D2}
		{B3D50BBE-68B5-46EF-A308-129E8862241E} = {9BC66EAE-D56B-4FCF-8C91-5332F97180D2}
		{D1D8377F-6FA1-4B09-BC43-D30758AF7103} = {3EE6451A-06AB-4635-BC3E-2CD05075D9A4}
		{E38829E8-E501-4222-BB70-DA023F9BADD2} = {9BC66EAE-D56B-4FCF-8C91-5332F97180D2}
		{255ACB94-338C-47DA-818A-3E0ABE5455B6} = {9BC66EAE-D56B-4FCF-8C91-5332F97180D2}
		{3B0EB2A7-04C6-4C46-9068-0CB6DF29DCB1} = {9BC66EAE-D56B-4FCF-8C91-5332F97180D2}
	EndGlobalSection
	GlobalSection(ExtensibilityGlobals) = postSolution
		SolutionGuid = {638ACC20-65D6-41D3-8C17-1F9A1DF8B659}
	EndGlobalSection
EndGlobal
