
Microsoft Visual Studio Solution File, Format Version 12.00
# Visual Studio 15
VisualStudioVersion = 15.0.27004.2010
MinimumVisualStudioVersion = 10.0.40219.1
Project("{9A19103F-16F7-4668-BE54-9A1E7A4F7556}") = "ZenPlatform.QueryBuilder", "ZenPlatform.QueryCompiler\ZenPlatform.QueryBuilder.csproj", "{A60AF134-9E5A-4802-A20A-D770F9EEADA9}"
EndProject
Project("{9A19103F-16F7-4668-BE54-9A1E7A4F7556}") = "ZenPlatform.Tests", "ZenPlatform.Tests\ZenPlatform.Tests.csproj", "{D52C49C5-0F1F-467F-A730-BAAF1D0E6D22}"
EndProject
Project("{9A19103F-16F7-4668-BE54-9A1E7A4F7556}") = "ZenPlatform.Configuration", "ZenPlatform.Configuration\ZenPlatform.Configuration.csproj", "{83A2D27E-C01A-4338-997A-8F407573DA0C}"
EndProject
Project("{9A19103F-16F7-4668-BE54-9A1E7A4F7556}") = "ZenPlatform.Data", "ZenPlatform.Data\ZenPlatform.Data.csproj", "{5811219B-6CB7-4AAB-92BA-BD941FC43883}"
EndProject
Project("{9A19103F-16F7-4668-BE54-9A1E7A4F7556}") = "ZenPlatform.Migration", "ZenPlatform.Migration\ZenPlatform.Migration.csproj", "{5F9D872F-2B23-440F-AC83-99D20293349D}"
EndProject
Project("{9A19103F-16F7-4668-BE54-9A1E7A4F7556}") = "ZenPlatform.CSharpCodeBuilder", "ZenPlatform.CSharpCodeBuilder\ZenPlatform.CSharpCodeBuilder.csproj", "{4A7467AC-ED2E-4A96-8537-1CE038038E9B}"
EndProject
Project("{9A19103F-16F7-4668-BE54-9A1E7A4F7556}") = "ZenPlatform.PlatformCodeGenerator", "ZenPlatform.PlatformCodeGenerator\ZenPlatform.PlatformCodeGenerator.csproj", "{6018B169-B349-4405-8A6E-9CDC77DD104F}"
EndProject
Project("{9A19103F-16F7-4668-BE54-9A1E7A4F7556}") = "ZenPlatform.DataComponent", "ZenPlatform.ConfigurationDataComponent\ZenPlatform.DataComponent.csproj", "{595EFE31-5BF9-4C4D-B93E-55AA3831E216}"
EndProject
Project("{9A19103F-16F7-4668-BE54-9A1E7A4F7556}") = "ZenPlatform.DocumentComponent", "ZenPlatform.DocumentComponent\ZenPlatform.DocumentComponent.csproj", "{1416F06A-2DD0-4573-8BEB-75547AADAF10}"
EndProject
Project("{9A19103F-16F7-4668-BE54-9A1E7A4F7556}") = "ZenPlatform.Core", "ZenPlatform.Core\ZenPlatform.Core.csproj", "{3F7B0D57-DE6C-46EA-B9B7-BD153803DCBC}"
EndProject
Project("{9A19103F-16F7-4668-BE54-9A1E7A4F7556}") = "ZenPlatform.System", "ZenPlatform.System\ZenPlatform.System.csproj", "{75EE2FD8-19C0-48E3-8D83-DC7D2CEA317C}"
EndProject
Project("{9A19103F-16F7-4668-BE54-9A1E7A4F7556}") = "ZenPlatform.ThinClient", "ZenPlatform.ThinClient\ZenPlatform.ThinClient.csproj", "{045440C6-4D2C-495A-93C9-20B4F7D65BD1}"
EndProject
Project("{9A19103F-16F7-4668-BE54-9A1E7A4F7556}") = "ZenPlatform.ConnectionServer", "ZenPlatform.ConnectionServer\ZenPlatform.ConnectionServer.csproj", "{0B6D83D1-8DE3-4B32-84C8-2770DBFBB615}"
EndProject
Project("{9A19103F-16F7-4668-BE54-9A1E7A4F7556}") = "ZenPlatform.UIGeneration2", "ZenPlatform.UIGeneration2\ZenPlatform.UIGeneration2.csproj", "{6298E023-E6CF-422D-B12D-49A64B33D601}"
EndProject
Project("{9A19103F-16F7-4668-BE54-9A1E7A4F7556}") = "ZenPlatform.ApplicationServer", "ZenPlatform.ApplicationServer\ZenPlatform.ApplicationServer.csproj", "{4276280D-D771-4572-A690-AF8188163F4F}"
EndProject
Project("{9A19103F-16F7-4668-BE54-9A1E7A4F7556}") = "ZenPlatform.Interface", "ZenPlatform.Interface\ZenPlatform.Interface.csproj", "{E4B13439-FDA7-4DE7-AF5A-6AE4230F323D}"
EndProject
Global
	GlobalSection(SolutionConfigurationPlatforms) = preSolution
		Debug|Any CPU = Debug|Any CPU
		Debug|x86 = Debug|x86
		Release|Any CPU = Release|Any CPU
		Release|x86 = Release|x86
	EndGlobalSection
	GlobalSection(ProjectConfigurationPlatforms) = postSolution
		{A60AF134-9E5A-4802-A20A-D770F9EEADA9}.Debug|Any CPU.ActiveCfg = Debug|Any CPU
		{A60AF134-9E5A-4802-A20A-D770F9EEADA9}.Debug|Any CPU.Build.0 = Debug|Any CPU
		{A60AF134-9E5A-4802-A20A-D770F9EEADA9}.Debug|x86.ActiveCfg = Debug|Any CPU
		{A60AF134-9E5A-4802-A20A-D770F9EEADA9}.Debug|x86.Build.0 = Debug|Any CPU
		{A60AF134-9E5A-4802-A20A-D770F9EEADA9}.Release|Any CPU.ActiveCfg = Release|Any CPU
		{A60AF134-9E5A-4802-A20A-D770F9EEADA9}.Release|Any CPU.Build.0 = Release|Any CPU
		{A60AF134-9E5A-4802-A20A-D770F9EEADA9}.Release|x86.ActiveCfg = Release|Any CPU
		{A60AF134-9E5A-4802-A20A-D770F9EEADA9}.Release|x86.Build.0 = Release|Any CPU
		{D52C49C5-0F1F-467F-A730-BAAF1D0E6D22}.Debug|Any CPU.ActiveCfg = Debug|Any CPU
		{D52C49C5-0F1F-467F-A730-BAAF1D0E6D22}.Debug|Any CPU.Build.0 = Debug|Any CPU
		{D52C49C5-0F1F-467F-A730-BAAF1D0E6D22}.Debug|x86.ActiveCfg = Debug|Any CPU
		{D52C49C5-0F1F-467F-A730-BAAF1D0E6D22}.Debug|x86.Build.0 = Debug|Any CPU
		{D52C49C5-0F1F-467F-A730-BAAF1D0E6D22}.Release|Any CPU.ActiveCfg = Release|Any CPU
		{D52C49C5-0F1F-467F-A730-BAAF1D0E6D22}.Release|Any CPU.Build.0 = Release|Any CPU
		{D52C49C5-0F1F-467F-A730-BAAF1D0E6D22}.Release|x86.ActiveCfg = Release|Any CPU
		{D52C49C5-0F1F-467F-A730-BAAF1D0E6D22}.Release|x86.Build.0 = Release|Any CPU
		{83A2D27E-C01A-4338-997A-8F407573DA0C}.Debug|Any CPU.ActiveCfg = Debug|Any CPU
		{83A2D27E-C01A-4338-997A-8F407573DA0C}.Debug|Any CPU.Build.0 = Debug|Any CPU
		{83A2D27E-C01A-4338-997A-8F407573DA0C}.Debug|x86.ActiveCfg = Debug|Any CPU
		{83A2D27E-C01A-4338-997A-8F407573DA0C}.Debug|x86.Build.0 = Debug|Any CPU
		{83A2D27E-C01A-4338-997A-8F407573DA0C}.Release|Any CPU.ActiveCfg = Release|Any CPU
		{83A2D27E-C01A-4338-997A-8F407573DA0C}.Release|Any CPU.Build.0 = Release|Any CPU
		{83A2D27E-C01A-4338-997A-8F407573DA0C}.Release|x86.ActiveCfg = Release|Any CPU
		{83A2D27E-C01A-4338-997A-8F407573DA0C}.Release|x86.Build.0 = Release|Any CPU
		{5811219B-6CB7-4AAB-92BA-BD941FC43883}.Debug|Any CPU.ActiveCfg = Debug|Any CPU
		{5811219B-6CB7-4AAB-92BA-BD941FC43883}.Debug|Any CPU.Build.0 = Debug|Any CPU
		{5811219B-6CB7-4AAB-92BA-BD941FC43883}.Debug|x86.ActiveCfg = Debug|Any CPU
		{5811219B-6CB7-4AAB-92BA-BD941FC43883}.Debug|x86.Build.0 = Debug|Any CPU
		{5811219B-6CB7-4AAB-92BA-BD941FC43883}.Release|Any CPU.ActiveCfg = Release|Any CPU
		{5811219B-6CB7-4AAB-92BA-BD941FC43883}.Release|Any CPU.Build.0 = Release|Any CPU
		{5811219B-6CB7-4AAB-92BA-BD941FC43883}.Release|x86.ActiveCfg = Release|Any CPU
		{5811219B-6CB7-4AAB-92BA-BD941FC43883}.Release|x86.Build.0 = Release|Any CPU
		{5F9D872F-2B23-440F-AC83-99D20293349D}.Debug|Any CPU.ActiveCfg = Debug|Any CPU
		{5F9D872F-2B23-440F-AC83-99D20293349D}.Debug|Any CPU.Build.0 = Debug|Any CPU
		{5F9D872F-2B23-440F-AC83-99D20293349D}.Debug|x86.ActiveCfg = Debug|Any CPU
		{5F9D872F-2B23-440F-AC83-99D20293349D}.Debug|x86.Build.0 = Debug|Any CPU
		{5F9D872F-2B23-440F-AC83-99D20293349D}.Release|Any CPU.ActiveCfg = Release|Any CPU
		{5F9D872F-2B23-440F-AC83-99D20293349D}.Release|Any CPU.Build.0 = Release|Any CPU
		{5F9D872F-2B23-440F-AC83-99D20293349D}.Release|x86.ActiveCfg = Release|Any CPU
		{5F9D872F-2B23-440F-AC83-99D20293349D}.Release|x86.Build.0 = Release|Any CPU
		{4A7467AC-ED2E-4A96-8537-1CE038038E9B}.Debug|Any CPU.ActiveCfg = Debug|Any CPU
		{4A7467AC-ED2E-4A96-8537-1CE038038E9B}.Debug|Any CPU.Build.0 = Debug|Any CPU
		{4A7467AC-ED2E-4A96-8537-1CE038038E9B}.Debug|x86.ActiveCfg = Debug|Any CPU
		{4A7467AC-ED2E-4A96-8537-1CE038038E9B}.Debug|x86.Build.0 = Debug|Any CPU
		{4A7467AC-ED2E-4A96-8537-1CE038038E9B}.Release|Any CPU.ActiveCfg = Release|Any CPU
		{4A7467AC-ED2E-4A96-8537-1CE038038E9B}.Release|Any CPU.Build.0 = Release|Any CPU
		{4A7467AC-ED2E-4A96-8537-1CE038038E9B}.Release|x86.ActiveCfg = Release|Any CPU
		{4A7467AC-ED2E-4A96-8537-1CE038038E9B}.Release|x86.Build.0 = Release|Any CPU
		{6018B169-B349-4405-8A6E-9CDC77DD104F}.Debug|Any CPU.ActiveCfg = Debug|Any CPU
		{6018B169-B349-4405-8A6E-9CDC77DD104F}.Debug|Any CPU.Build.0 = Debug|Any CPU
		{6018B169-B349-4405-8A6E-9CDC77DD104F}.Debug|x86.ActiveCfg = Debug|Any CPU
		{6018B169-B349-4405-8A6E-9CDC77DD104F}.Debug|x86.Build.0 = Debug|Any CPU
		{6018B169-B349-4405-8A6E-9CDC77DD104F}.Release|Any CPU.ActiveCfg = Release|Any CPU
		{6018B169-B349-4405-8A6E-9CDC77DD104F}.Release|Any CPU.Build.0 = Release|Any CPU
		{6018B169-B349-4405-8A6E-9CDC77DD104F}.Release|x86.ActiveCfg = Release|Any CPU
		{6018B169-B349-4405-8A6E-9CDC77DD104F}.Release|x86.Build.0 = Release|Any CPU
		{595EFE31-5BF9-4C4D-B93E-55AA3831E216}.Debug|Any CPU.ActiveCfg = Debug|Any CPU
		{595EFE31-5BF9-4C4D-B93E-55AA3831E216}.Debug|Any CPU.Build.0 = Debug|Any CPU
		{595EFE31-5BF9-4C4D-B93E-55AA3831E216}.Debug|x86.ActiveCfg = Debug|Any CPU
		{595EFE31-5BF9-4C4D-B93E-55AA3831E216}.Debug|x86.Build.0 = Debug|Any CPU
		{595EFE31-5BF9-4C4D-B93E-55AA3831E216}.Release|Any CPU.ActiveCfg = Release|Any CPU
		{595EFE31-5BF9-4C4D-B93E-55AA3831E216}.Release|Any CPU.Build.0 = Release|Any CPU
		{595EFE31-5BF9-4C4D-B93E-55AA3831E216}.Release|x86.ActiveCfg = Release|Any CPU
		{595EFE31-5BF9-4C4D-B93E-55AA3831E216}.Release|x86.Build.0 = Release|Any CPU
		{1416F06A-2DD0-4573-8BEB-75547AADAF10}.Debug|Any CPU.ActiveCfg = Debug|Any CPU
		{1416F06A-2DD0-4573-8BEB-75547AADAF10}.Debug|Any CPU.Build.0 = Debug|Any CPU
		{1416F06A-2DD0-4573-8BEB-75547AADAF10}.Debug|x86.ActiveCfg = Debug|Any CPU
		{1416F06A-2DD0-4573-8BEB-75547AADAF10}.Debug|x86.Build.0 = Debug|Any CPU
		{1416F06A-2DD0-4573-8BEB-75547AADAF10}.Release|Any CPU.ActiveCfg = Release|Any CPU
		{1416F06A-2DD0-4573-8BEB-75547AADAF10}.Release|Any CPU.Build.0 = Release|Any CPU
		{1416F06A-2DD0-4573-8BEB-75547AADAF10}.Release|x86.ActiveCfg = Release|Any CPU
		{1416F06A-2DD0-4573-8BEB-75547AADAF10}.Release|x86.Build.0 = Release|Any CPU
		{3F7B0D57-DE6C-46EA-B9B7-BD153803DCBC}.Debug|Any CPU.ActiveCfg = Debug|Any CPU
		{3F7B0D57-DE6C-46EA-B9B7-BD153803DCBC}.Debug|Any CPU.Build.0 = Debug|Any CPU
		{3F7B0D57-DE6C-46EA-B9B7-BD153803DCBC}.Debug|x86.ActiveCfg = Debug|Any CPU
		{3F7B0D57-DE6C-46EA-B9B7-BD153803DCBC}.Debug|x86.Build.0 = Debug|Any CPU
		{3F7B0D57-DE6C-46EA-B9B7-BD153803DCBC}.Release|Any CPU.ActiveCfg = Release|Any CPU
		{3F7B0D57-DE6C-46EA-B9B7-BD153803DCBC}.Release|Any CPU.Build.0 = Release|Any CPU
		{3F7B0D57-DE6C-46EA-B9B7-BD153803DCBC}.Release|x86.ActiveCfg = Release|Any CPU
		{3F7B0D57-DE6C-46EA-B9B7-BD153803DCBC}.Release|x86.Build.0 = Release|Any CPU
		{75EE2FD8-19C0-48E3-8D83-DC7D2CEA317C}.Debug|Any CPU.ActiveCfg = Debug|Any CPU
		{75EE2FD8-19C0-48E3-8D83-DC7D2CEA317C}.Debug|Any CPU.Build.0 = Debug|Any CPU
		{75EE2FD8-19C0-48E3-8D83-DC7D2CEA317C}.Debug|x86.ActiveCfg = Debug|Any CPU
		{75EE2FD8-19C0-48E3-8D83-DC7D2CEA317C}.Debug|x86.Build.0 = Debug|Any CPU
		{75EE2FD8-19C0-48E3-8D83-DC7D2CEA317C}.Release|Any CPU.ActiveCfg = Release|Any CPU
		{75EE2FD8-19C0-48E3-8D83-DC7D2CEA317C}.Release|Any CPU.Build.0 = Release|Any CPU
		{75EE2FD8-19C0-48E3-8D83-DC7D2CEA317C}.Release|x86.ActiveCfg = Release|Any CPU
		{75EE2FD8-19C0-48E3-8D83-DC7D2CEA317C}.Release|x86.Build.0 = Release|Any CPU
		{045440C6-4D2C-495A-93C9-20B4F7D65BD1}.Debug|Any CPU.ActiveCfg = Debug|Any CPU
		{045440C6-4D2C-495A-93C9-20B4F7D65BD1}.Debug|Any CPU.Build.0 = Debug|Any CPU
		{045440C6-4D2C-495A-93C9-20B4F7D65BD1}.Debug|x86.ActiveCfg = Debug|Any CPU
		{045440C6-4D2C-495A-93C9-20B4F7D65BD1}.Debug|x86.Build.0 = Debug|Any CPU
		{045440C6-4D2C-495A-93C9-20B4F7D65BD1}.Release|Any CPU.ActiveCfg = Release|Any CPU
		{045440C6-4D2C-495A-93C9-20B4F7D65BD1}.Release|Any CPU.Build.0 = Release|Any CPU
		{045440C6-4D2C-495A-93C9-20B4F7D65BD1}.Release|x86.ActiveCfg = Release|Any CPU
		{045440C6-4D2C-495A-93C9-20B4F7D65BD1}.Release|x86.Build.0 = Release|Any CPU
		{0B6D83D1-8DE3-4B32-84C8-2770DBFBB615}.Debug|Any CPU.ActiveCfg = Debug|Any CPU
		{0B6D83D1-8DE3-4B32-84C8-2770DBFBB615}.Debug|Any CPU.Build.0 = Debug|Any CPU
		{0B6D83D1-8DE3-4B32-84C8-2770DBFBB615}.Debug|x86.ActiveCfg = Debug|Any CPU
		{0B6D83D1-8DE3-4B32-84C8-2770DBFBB615}.Debug|x86.Build.0 = Debug|Any CPU
		{0B6D83D1-8DE3-4B32-84C8-2770DBFBB615}.Release|Any CPU.ActiveCfg = Release|Any CPU
		{0B6D83D1-8DE3-4B32-84C8-2770DBFBB615}.Release|Any CPU.Build.0 = Release|Any CPU
		{0B6D83D1-8DE3-4B32-84C8-2770DBFBB615}.Release|x86.ActiveCfg = Release|Any CPU
		{0B6D83D1-8DE3-4B32-84C8-2770DBFBB615}.Release|x86.Build.0 = Release|Any CPU
		{6298E023-E6CF-422D-B12D-49A64B33D601}.Debug|Any CPU.ActiveCfg = Debug|Any CPU
		{6298E023-E6CF-422D-B12D-49A64B33D601}.Debug|Any CPU.Build.0 = Debug|Any CPU
		{6298E023-E6CF-422D-B12D-49A64B33D601}.Debug|x86.ActiveCfg = Debug|Any CPU
		{6298E023-E6CF-422D-B12D-49A64B33D601}.Debug|x86.Build.0 = Debug|Any CPU
		{6298E023-E6CF-422D-B12D-49A64B33D601}.Release|Any CPU.ActiveCfg = Release|Any CPU
		{6298E023-E6CF-422D-B12D-49A64B33D601}.Release|Any CPU.Build.0 = Release|Any CPU
		{6298E023-E6CF-422D-B12D-49A64B33D601}.Release|x86.ActiveCfg = Release|Any CPU
		{6298E023-E6CF-422D-B12D-49A64B33D601}.Release|x86.Build.0 = Release|Any CPU
		{4276280D-D771-4572-A690-AF8188163F4F}.Debug|Any CPU.ActiveCfg = Debug|Any CPU
		{4276280D-D771-4572-A690-AF8188163F4F}.Debug|Any CPU.Build.0 = Debug|Any CPU
		{4276280D-D771-4572-A690-AF8188163F4F}.Debug|x86.ActiveCfg = Debug|Any CPU
		{4276280D-D771-4572-A690-AF8188163F4F}.Debug|x86.Build.0 = Debug|Any CPU
		{4276280D-D771-4572-A690-AF8188163F4F}.Release|Any CPU.ActiveCfg = Release|Any CPU
		{4276280D-D771-4572-A690-AF8188163F4F}.Release|Any CPU.Build.0 = Release|Any CPU
		{4276280D-D771-4572-A690-AF8188163F4F}.Release|x86.ActiveCfg = Release|Any CPU
		{4276280D-D771-4572-A690-AF8188163F4F}.Release|x86.Build.0 = Release|Any CPU
		{E4B13439-FDA7-4DE7-AF5A-6AE4230F323D}.Debug|Any CPU.ActiveCfg = Debug|Any CPU
		{E4B13439-FDA7-4DE7-AF5A-6AE4230F323D}.Debug|Any CPU.Build.0 = Debug|Any CPU
		{E4B13439-FDA7-4DE7-AF5A-6AE4230F323D}.Debug|x86.ActiveCfg = Debug|Any CPU
		{E4B13439-FDA7-4DE7-AF5A-6AE4230F323D}.Debug|x86.Build.0 = Debug|Any CPU
		{E4B13439-FDA7-4DE7-AF5A-6AE4230F323D}.Release|Any CPU.ActiveCfg = Release|Any CPU
		{E4B13439-FDA7-4DE7-AF5A-6AE4230F323D}.Release|Any CPU.Build.0 = Release|Any CPU
		{E4B13439-FDA7-4DE7-AF5A-6AE4230F323D}.Release|x86.ActiveCfg = Release|Any CPU
		{E4B13439-FDA7-4DE7-AF5A-6AE4230F323D}.Release|x86.Build.0 = Release|Any CPU
	EndGlobalSection
	GlobalSection(SolutionProperties) = preSolution
		HideSolutionNode = FALSE
	EndGlobalSection
	GlobalSection(ExtensibilityGlobals) = postSolution
		SolutionGuid = {638ACC20-65D6-41D3-8C17-1F9A1DF8B659}
	EndGlobalSection
EndGlobal
