
Microsoft Visual Studio Solution File, Format Version 12.00
# Visual Studio 15
VisualStudioVersion = 15.0.27004.2005
MinimumVisualStudioVersion = 10.0.40219.1
Project("{FAE04EC0-301F-11D3-BF4B-00C04F79EFBC}") = "SqlPlusDbSync.Platform", "SqlPlusDbSync.Platform\SqlPlusDbSync.Platform.csproj", "{E5B657B1-9C4A-40DD-A068-5EF2F67C0C5A}"
EndProject
Project("{FAE04EC0-301F-11D3-BF4B-00C04F79EFBC}") = "SqlPlusDbSync.Configuration", "SqlPlusDbSync.Configuration\SqlPlusDbSync.Configuration.csproj", "{BDC9F548-0C67-4301-87DB-B777C79A5AE5}"
EndProject
Project("{FAE04EC0-301F-11D3-BF4B-00C04F79EFBC}") = "SqlPlusDbSync.Data", "SqlPlusDbSync.Data\SqlPlusDbSync.Data.csproj", "{A8A0244F-C6A5-455E-B48B-08763490FD3A}"
EndProject
Project("{FAE04EC0-301F-11D3-BF4B-00C04F79EFBC}") = "SqlPlusDbSync.Exchanges", "SqlPlusDbSync.Exchanges\SqlPlusDbSync.Exchanges.csproj", "{BB41CF37-D4E7-4577-8C66-C15215B0C20C}"
EndProject
Project("{FAE04EC0-301F-11D3-BF4B-00C04F79EFBC}") = "SqlPlusDbSync.Entity", "SqlPlusDbSync.Entity\SqlPlusDbSync.Entity.csproj", "{0068D838-B0FA-40B9-BDD5-52D3146BD896}"
EndProject
Project("{FAE04EC0-301F-11D3-BF4B-00C04F79EFBC}") = "SqlPlusDbSync.Migrator", "SqlPlusDbSync.Migrator\SqlPlusDbSync.Migrator.csproj", "{374D7D37-6DD6-4A80-896B-EB184D02597C}"
EndProject
Project("{FAE04EC0-301F-11D3-BF4B-00C04F79EFBC}") = "SqlPlusDbSync.EntityGenerator", "SqlPlusDbSync.EntityGenerator\SqlPlusDbSync.EntityGenerator.csproj", "{3E4E7E85-7AE7-49C8-97D1-2B4337E1662E}"
EndProject
Project("{9A19103F-16F7-4668-BE54-9A1E7A4F7556}") = "ZenPlatform.QueryCompiler", "ZenPlatform.QueryCompiler\ZenPlatform.QueryCompiler.csproj", "{A60AF134-9E5A-4802-A20A-D770F9EEADA9}"
EndProject
Project("{9A19103F-16F7-4668-BE54-9A1E7A4F7556}") = "ZenPlatform.Tests", "ZenPlatform.Tests\ZenPlatform.Tests.csproj", "{D52C49C5-0F1F-467F-A730-BAAF1D0E6D22}"
EndProject
Project("{9A19103F-16F7-4668-BE54-9A1E7A4F7556}") = "ZenPlatform.Configuration", "ZenPlatform.Configuration\ZenPlatform.Configuration.csproj", "{83A2D27E-C01A-4338-997A-8F407573DA0C}"
EndProject
Project("{9A19103F-16F7-4668-BE54-9A1E7A4F7556}") = "ZenPlatform.Data", "ZenPlatform.Data\ZenPlatform.Data.csproj", "{5811219B-6CB7-4AAB-92BA-BD941FC43883}"
EndProject
Project("{9A19103F-16F7-4668-BE54-9A1E7A4F7556}") = "ZenPlatform.Migration", "ZenPlatform.Migration\ZenPlatform.Migration.csproj", "{5F9D872F-2B23-440F-AC83-99D20293349D}"
EndProject
Project("{FAE04EC0-301F-11D3-BF4B-00C04F79EFBC}") = "ZenPlatform.CSharpCodeBuilder", "ZenPlatform.CSharpCodeBuilder\ZenPlatform.CSharpCodeBuilder.csproj", "{4A7467AC-ED2E-4A96-8537-1CE038038E9B}"
EndProject
Project("{FAE04EC0-301F-11D3-BF4B-00C04F79EFBC}") = "ZenPlatform.PlatformCodeGenerator", "ZenPlatform.PlatformCodeGenerator\ZenPlatform.PlatformCodeGenerator.csproj", "{6018B169-B349-4405-8A6E-9CDC77DD104F}"
EndProject
Project("{FAE04EC0-301F-11D3-BF4B-00C04F79EFBC}") = "ZenPlatform.DataComponent", "ZenPlatform.ConfigurationDataComponent\ZenPlatform.DataComponent.csproj", "{595EFE31-5BF9-4C4D-B93E-55AA3831E216}"
EndProject
Project("{FAE04EC0-301F-11D3-BF4B-00C04F79EFBC}") = "ZenPlatform.DocumentComponent", "ZenPlatform.DocumentComponent\ZenPlatform.DocumentComponent.csproj", "{1416F06A-2DD0-4573-8BEB-75547AADAF10}"
EndProject
Global
	GlobalSection(SolutionConfigurationPlatforms) = preSolution
		Debug|Any CPU = Debug|Any CPU
		Debug|x86 = Debug|x86
		Release|Any CPU = Release|Any CPU
		Release|x86 = Release|x86
	EndGlobalSection
	GlobalSection(ProjectConfigurationPlatforms) = postSolution
		{E5B657B1-9C4A-40DD-A068-5EF2F67C0C5A}.Debug|Any CPU.ActiveCfg = Debug|Any CPU
		{E5B657B1-9C4A-40DD-A068-5EF2F67C0C5A}.Debug|Any CPU.Build.0 = Debug|Any CPU
		{E5B657B1-9C4A-40DD-A068-5EF2F67C0C5A}.Debug|x86.ActiveCfg = Debug|Any CPU
		{E5B657B1-9C4A-40DD-A068-5EF2F67C0C5A}.Debug|x86.Build.0 = Debug|Any CPU
		{E5B657B1-9C4A-40DD-A068-5EF2F67C0C5A}.Release|Any CPU.ActiveCfg = Release|Any CPU
		{E5B657B1-9C4A-40DD-A068-5EF2F67C0C5A}.Release|Any CPU.Build.0 = Release|Any CPU
		{E5B657B1-9C4A-40DD-A068-5EF2F67C0C5A}.Release|x86.ActiveCfg = Release|Any CPU
		{E5B657B1-9C4A-40DD-A068-5EF2F67C0C5A}.Release|x86.Build.0 = Release|Any CPU
		{BDC9F548-0C67-4301-87DB-B777C79A5AE5}.Debug|Any CPU.ActiveCfg = Debug|Any CPU
		{BDC9F548-0C67-4301-87DB-B777C79A5AE5}.Debug|Any CPU.Build.0 = Debug|Any CPU
		{BDC9F548-0C67-4301-87DB-B777C79A5AE5}.Debug|x86.ActiveCfg = Debug|Any CPU
		{BDC9F548-0C67-4301-87DB-B777C79A5AE5}.Debug|x86.Build.0 = Debug|Any CPU
		{BDC9F548-0C67-4301-87DB-B777C79A5AE5}.Release|Any CPU.ActiveCfg = Release|Any CPU
		{BDC9F548-0C67-4301-87DB-B777C79A5AE5}.Release|Any CPU.Build.0 = Release|Any CPU
		{BDC9F548-0C67-4301-87DB-B777C79A5AE5}.Release|x86.ActiveCfg = Release|Any CPU
		{BDC9F548-0C67-4301-87DB-B777C79A5AE5}.Release|x86.Build.0 = Release|Any CPU
		{A8A0244F-C6A5-455E-B48B-08763490FD3A}.Debug|Any CPU.ActiveCfg = Debug|Any CPU
		{A8A0244F-C6A5-455E-B48B-08763490FD3A}.Debug|Any CPU.Build.0 = Debug|Any CPU
		{A8A0244F-C6A5-455E-B48B-08763490FD3A}.Debug|x86.ActiveCfg = Debug|Any CPU
		{A8A0244F-C6A5-455E-B48B-08763490FD3A}.Debug|x86.Build.0 = Debug|Any CPU
		{A8A0244F-C6A5-455E-B48B-08763490FD3A}.Release|Any CPU.ActiveCfg = Release|Any CPU
		{A8A0244F-C6A5-455E-B48B-08763490FD3A}.Release|Any CPU.Build.0 = Release|Any CPU
		{A8A0244F-C6A5-455E-B48B-08763490FD3A}.Release|x86.ActiveCfg = Release|Any CPU
		{A8A0244F-C6A5-455E-B48B-08763490FD3A}.Release|x86.Build.0 = Release|Any CPU
		{BB41CF37-D4E7-4577-8C66-C15215B0C20C}.Debug|Any CPU.ActiveCfg = Debug|Any CPU
		{BB41CF37-D4E7-4577-8C66-C15215B0C20C}.Debug|Any CPU.Build.0 = Debug|Any CPU
		{BB41CF37-D4E7-4577-8C66-C15215B0C20C}.Debug|x86.ActiveCfg = Debug|Any CPU
		{BB41CF37-D4E7-4577-8C66-C15215B0C20C}.Debug|x86.Build.0 = Debug|Any CPU
		{BB41CF37-D4E7-4577-8C66-C15215B0C20C}.Release|Any CPU.ActiveCfg = Release|Any CPU
		{BB41CF37-D4E7-4577-8C66-C15215B0C20C}.Release|Any CPU.Build.0 = Release|Any CPU
		{BB41CF37-D4E7-4577-8C66-C15215B0C20C}.Release|x86.ActiveCfg = Release|Any CPU
		{BB41CF37-D4E7-4577-8C66-C15215B0C20C}.Release|x86.Build.0 = Release|Any CPU
		{0068D838-B0FA-40B9-BDD5-52D3146BD896}.Debug|Any CPU.ActiveCfg = Debug|Any CPU
		{0068D838-B0FA-40B9-BDD5-52D3146BD896}.Debug|Any CPU.Build.0 = Debug|Any CPU
		{0068D838-B0FA-40B9-BDD5-52D3146BD896}.Debug|x86.ActiveCfg = Debug|Any CPU
		{0068D838-B0FA-40B9-BDD5-52D3146BD896}.Debug|x86.Build.0 = Debug|Any CPU
		{0068D838-B0FA-40B9-BDD5-52D3146BD896}.Release|Any CPU.ActiveCfg = Release|Any CPU
		{0068D838-B0FA-40B9-BDD5-52D3146BD896}.Release|Any CPU.Build.0 = Release|Any CPU
		{0068D838-B0FA-40B9-BDD5-52D3146BD896}.Release|x86.ActiveCfg = Release|Any CPU
		{0068D838-B0FA-40B9-BDD5-52D3146BD896}.Release|x86.Build.0 = Release|Any CPU
		{374D7D37-6DD6-4A80-896B-EB184D02597C}.Debug|Any CPU.ActiveCfg = Debug|Any CPU
		{374D7D37-6DD6-4A80-896B-EB184D02597C}.Debug|Any CPU.Build.0 = Debug|Any CPU
		{374D7D37-6DD6-4A80-896B-EB184D02597C}.Debug|x86.ActiveCfg = Debug|Any CPU
		{374D7D37-6DD6-4A80-896B-EB184D02597C}.Debug|x86.Build.0 = Debug|Any CPU
		{374D7D37-6DD6-4A80-896B-EB184D02597C}.Release|Any CPU.ActiveCfg = Release|Any CPU
		{374D7D37-6DD6-4A80-896B-EB184D02597C}.Release|Any CPU.Build.0 = Release|Any CPU
		{374D7D37-6DD6-4A80-896B-EB184D02597C}.Release|x86.ActiveCfg = Release|Any CPU
		{374D7D37-6DD6-4A80-896B-EB184D02597C}.Release|x86.Build.0 = Release|Any CPU
		{3E4E7E85-7AE7-49C8-97D1-2B4337E1662E}.Debug|Any CPU.ActiveCfg = Debug|Any CPU
		{3E4E7E85-7AE7-49C8-97D1-2B4337E1662E}.Debug|Any CPU.Build.0 = Debug|Any CPU
		{3E4E7E85-7AE7-49C8-97D1-2B4337E1662E}.Debug|x86.ActiveCfg = Debug|Any CPU
		{3E4E7E85-7AE7-49C8-97D1-2B4337E1662E}.Debug|x86.Build.0 = Debug|Any CPU
		{3E4E7E85-7AE7-49C8-97D1-2B4337E1662E}.Release|Any CPU.ActiveCfg = Release|Any CPU
		{3E4E7E85-7AE7-49C8-97D1-2B4337E1662E}.Release|Any CPU.Build.0 = Release|Any CPU
		{3E4E7E85-7AE7-49C8-97D1-2B4337E1662E}.Release|x86.ActiveCfg = Release|Any CPU
		{3E4E7E85-7AE7-49C8-97D1-2B4337E1662E}.Release|x86.Build.0 = Release|Any CPU
		{A60AF134-9E5A-4802-A20A-D770F9EEADA9}.Debug|Any CPU.ActiveCfg = Debug|Any CPU
		{A60AF134-9E5A-4802-A20A-D770F9EEADA9}.Debug|Any CPU.Build.0 = Debug|Any CPU
		{A60AF134-9E5A-4802-A20A-D770F9EEADA9}.Debug|x86.ActiveCfg = Debug|Any CPU
		{A60AF134-9E5A-4802-A20A-D770F9EEADA9}.Debug|x86.Build.0 = Debug|Any CPU
		{A60AF134-9E5A-4802-A20A-D770F9EEADA9}.Release|Any CPU.ActiveCfg = Release|Any CPU
		{A60AF134-9E5A-4802-A20A-D770F9EEADA9}.Release|Any CPU.Build.0 = Release|Any CPU
		{A60AF134-9E5A-4802-A20A-D770F9EEADA9}.Release|x86.ActiveCfg = Release|Any CPU
		{A60AF134-9E5A-4802-A20A-D770F9EEADA9}.Release|x86.Build.0 = Release|Any CPU
		{D52C49C5-0F1F-467F-A730-BAAF1D0E6D22}.Debug|Any CPU.ActiveCfg = Debug|Any CPU
		{D52C49C5-0F1F-467F-A730-BAAF1D0E6D22}.Debug|Any CPU.Build.0 = Debug|Any CPU
		{D52C49C5-0F1F-467F-A730-BAAF1D0E6D22}.Debug|x86.ActiveCfg = Debug|Any CPU
		{D52C49C5-0F1F-467F-A730-BAAF1D0E6D22}.Debug|x86.Build.0 = Debug|Any CPU
		{D52C49C5-0F1F-467F-A730-BAAF1D0E6D22}.Release|Any CPU.ActiveCfg = Release|Any CPU
		{D52C49C5-0F1F-467F-A730-BAAF1D0E6D22}.Release|Any CPU.Build.0 = Release|Any CPU
		{D52C49C5-0F1F-467F-A730-BAAF1D0E6D22}.Release|x86.ActiveCfg = Release|Any CPU
		{D52C49C5-0F1F-467F-A730-BAAF1D0E6D22}.Release|x86.Build.0 = Release|Any CPU
		{83A2D27E-C01A-4338-997A-8F407573DA0C}.Debug|Any CPU.ActiveCfg = Debug|Any CPU
		{83A2D27E-C01A-4338-997A-8F407573DA0C}.Debug|Any CPU.Build.0 = Debug|Any CPU
		{83A2D27E-C01A-4338-997A-8F407573DA0C}.Debug|x86.ActiveCfg = Debug|Any CPU
		{83A2D27E-C01A-4338-997A-8F407573DA0C}.Debug|x86.Build.0 = Debug|Any CPU
		{83A2D27E-C01A-4338-997A-8F407573DA0C}.Release|Any CPU.ActiveCfg = Release|Any CPU
		{83A2D27E-C01A-4338-997A-8F407573DA0C}.Release|Any CPU.Build.0 = Release|Any CPU
		{83A2D27E-C01A-4338-997A-8F407573DA0C}.Release|x86.ActiveCfg = Release|Any CPU
		{83A2D27E-C01A-4338-997A-8F407573DA0C}.Release|x86.Build.0 = Release|Any CPU
		{5811219B-6CB7-4AAB-92BA-BD941FC43883}.Debug|Any CPU.ActiveCfg = Debug|Any CPU
		{5811219B-6CB7-4AAB-92BA-BD941FC43883}.Debug|Any CPU.Build.0 = Debug|Any CPU
		{5811219B-6CB7-4AAB-92BA-BD941FC43883}.Debug|x86.ActiveCfg = Debug|Any CPU
		{5811219B-6CB7-4AAB-92BA-BD941FC43883}.Debug|x86.Build.0 = Debug|Any CPU
		{5811219B-6CB7-4AAB-92BA-BD941FC43883}.Release|Any CPU.ActiveCfg = Release|Any CPU
		{5811219B-6CB7-4AAB-92BA-BD941FC43883}.Release|Any CPU.Build.0 = Release|Any CPU
		{5811219B-6CB7-4AAB-92BA-BD941FC43883}.Release|x86.ActiveCfg = Release|Any CPU
		{5811219B-6CB7-4AAB-92BA-BD941FC43883}.Release|x86.Build.0 = Release|Any CPU
		{5F9D872F-2B23-440F-AC83-99D20293349D}.Debug|Any CPU.ActiveCfg = Debug|Any CPU
		{5F9D872F-2B23-440F-AC83-99D20293349D}.Debug|Any CPU.Build.0 = Debug|Any CPU
		{5F9D872F-2B23-440F-AC83-99D20293349D}.Debug|x86.ActiveCfg = Debug|Any CPU
		{5F9D872F-2B23-440F-AC83-99D20293349D}.Debug|x86.Build.0 = Debug|Any CPU
		{5F9D872F-2B23-440F-AC83-99D20293349D}.Release|Any CPU.ActiveCfg = Release|Any CPU
		{5F9D872F-2B23-440F-AC83-99D20293349D}.Release|Any CPU.Build.0 = Release|Any CPU
		{5F9D872F-2B23-440F-AC83-99D20293349D}.Release|x86.ActiveCfg = Release|Any CPU
		{5F9D872F-2B23-440F-AC83-99D20293349D}.Release|x86.Build.0 = Release|Any CPU
		{4A7467AC-ED2E-4A96-8537-1CE038038E9B}.Debug|Any CPU.ActiveCfg = Debug|Any CPU
		{4A7467AC-ED2E-4A96-8537-1CE038038E9B}.Debug|Any CPU.Build.0 = Debug|Any CPU
		{4A7467AC-ED2E-4A96-8537-1CE038038E9B}.Debug|x86.ActiveCfg = Debug|Any CPU
		{4A7467AC-ED2E-4A96-8537-1CE038038E9B}.Debug|x86.Build.0 = Debug|Any CPU
		{4A7467AC-ED2E-4A96-8537-1CE038038E9B}.Release|Any CPU.ActiveCfg = Release|Any CPU
		{4A7467AC-ED2E-4A96-8537-1CE038038E9B}.Release|Any CPU.Build.0 = Release|Any CPU
		{4A7467AC-ED2E-4A96-8537-1CE038038E9B}.Release|x86.ActiveCfg = Release|Any CPU
		{4A7467AC-ED2E-4A96-8537-1CE038038E9B}.Release|x86.Build.0 = Release|Any CPU
		{6018B169-B349-4405-8A6E-9CDC77DD104F}.Debug|Any CPU.ActiveCfg = Debug|Any CPU
		{6018B169-B349-4405-8A6E-9CDC77DD104F}.Debug|Any CPU.Build.0 = Debug|Any CPU
		{6018B169-B349-4405-8A6E-9CDC77DD104F}.Debug|x86.ActiveCfg = Debug|Any CPU
		{6018B169-B349-4405-8A6E-9CDC77DD104F}.Debug|x86.Build.0 = Debug|Any CPU
		{6018B169-B349-4405-8A6E-9CDC77DD104F}.Release|Any CPU.ActiveCfg = Release|Any CPU
		{6018B169-B349-4405-8A6E-9CDC77DD104F}.Release|Any CPU.Build.0 = Release|Any CPU
		{6018B169-B349-4405-8A6E-9CDC77DD104F}.Release|x86.ActiveCfg = Release|Any CPU
		{6018B169-B349-4405-8A6E-9CDC77DD104F}.Release|x86.Build.0 = Release|Any CPU
		{595EFE31-5BF9-4C4D-B93E-55AA3831E216}.Debug|Any CPU.ActiveCfg = Debug|Any CPU
		{595EFE31-5BF9-4C4D-B93E-55AA3831E216}.Debug|Any CPU.Build.0 = Debug|Any CPU
		{595EFE31-5BF9-4C4D-B93E-55AA3831E216}.Debug|x86.ActiveCfg = Debug|Any CPU
		{595EFE31-5BF9-4C4D-B93E-55AA3831E216}.Debug|x86.Build.0 = Debug|Any CPU
		{595EFE31-5BF9-4C4D-B93E-55AA3831E216}.Release|Any CPU.ActiveCfg = Release|Any CPU
		{595EFE31-5BF9-4C4D-B93E-55AA3831E216}.Release|Any CPU.Build.0 = Release|Any CPU
		{595EFE31-5BF9-4C4D-B93E-55AA3831E216}.Release|x86.ActiveCfg = Release|Any CPU
		{595EFE31-5BF9-4C4D-B93E-55AA3831E216}.Release|x86.Build.0 = Release|Any CPU
		{1416F06A-2DD0-4573-8BEB-75547AADAF10}.Debug|Any CPU.ActiveCfg = Debug|Any CPU
		{1416F06A-2DD0-4573-8BEB-75547AADAF10}.Debug|Any CPU.Build.0 = Debug|Any CPU
		{1416F06A-2DD0-4573-8BEB-75547AADAF10}.Debug|x86.ActiveCfg = Debug|Any CPU
		{1416F06A-2DD0-4573-8BEB-75547AADAF10}.Debug|x86.Build.0 = Debug|Any CPU
		{1416F06A-2DD0-4573-8BEB-75547AADAF10}.Release|Any CPU.ActiveCfg = Release|Any CPU
		{1416F06A-2DD0-4573-8BEB-75547AADAF10}.Release|Any CPU.Build.0 = Release|Any CPU
		{1416F06A-2DD0-4573-8BEB-75547AADAF10}.Release|x86.ActiveCfg = Release|Any CPU
		{1416F06A-2DD0-4573-8BEB-75547AADAF10}.Release|x86.Build.0 = Release|Any CPU
	EndGlobalSection
	GlobalSection(SolutionProperties) = preSolution
		HideSolutionNode = FALSE
	EndGlobalSection
	GlobalSection(ExtensibilityGlobals) = postSolution
		SolutionGuid = {638ACC20-65D6-41D3-8C17-1F9A1DF8B659}
	EndGlobalSection
EndGlobal
