
Microsoft Visual Studio Solution File, Format Version 12.00
Project("{FAE04EC0-301F-11D3-BF4B-00C04F79EFBC}") = "client", "client\client.csproj", "{579832A3-C677-4A2B-8269-582D4B73EB80}"
EndProject
Project("{FAE04EC0-301F-11D3-BF4B-00C04F79EFBC}") = "WebAssembly.Browser", "WebAssembly.Browser\WebAssembly.Browser.csproj", "{3D4DCAB5-3B27-46DC-8574-6C4226512BC1}"
EndProject
Project("{FAE04EC0-301F-11D3-BF4B-00C04F79EFBC}") = "UIModel", "UIModel\UIModel.csproj", "{317BE0CB-A1FF-414C-A521-E7EE3546C6C1}"
EndProject
Project("{FAE04EC0-301F-11D3-BF4B-00C04F79EFBC}") = "Tester", "Tester\Tester.csproj", "{688CE512-4221-4692-9BCB-7965B784A72F}"
EndProject
Global
	GlobalSection(SolutionConfigurationPlatforms) = preSolution
		Debug|Any CPU = Debug|Any CPU
		Release|Any CPU = Release|Any CPU
	EndGlobalSection
	GlobalSection(ProjectConfigurationPlatforms) = postSolution
		{579832A3-C677-4A2B-8269-582D4B73EB80}.Debug|Any CPU.ActiveCfg = Debug|Any CPU
		{579832A3-C677-4A2B-8269-582D4B73EB80}.Debug|Any CPU.Build.0 = Debug|Any CPU
		{579832A3-C677-4A2B-8269-582D4B73EB80}.Release|Any CPU.ActiveCfg = Release|Any CPU
		{579832A3-C677-4A2B-8269-582D4B73EB80}.Release|Any CPU.Build.0 = Release|Any CPU
		{3D4DCAB5-3B27-46DC-8574-6C4226512BC1}.Debug|Any CPU.ActiveCfg = Debug|Any CPU
		{3D4DCAB5-3B27-46DC-8574-6C4226512BC1}.Debug|Any CPU.Build.0 = Debug|Any CPU
		{3D4DCAB5-3B27-46DC-8574-6C4226512BC1}.Release|Any CPU.ActiveCfg = Release|Any CPU
		{3D4DCAB5-3B27-46DC-8574-6C4226512BC1}.Release|Any CPU.Build.0 = Release|Any CPU
		{317BE0CB-A1FF-414C-A521-E7EE3546C6C1}.Debug|Any CPU.ActiveCfg = Debug|Any CPU
		{317BE0CB-A1FF-414C-A521-E7EE3546C6C1}.Debug|Any CPU.Build.0 = Debug|Any CPU
		{317BE0CB-A1FF-414C-A521-E7EE3546C6C1}.Release|Any CPU.ActiveCfg = Release|Any CPU
		{317BE0CB-A1FF-414C-A521-E7EE3546C6C1}.Release|Any CPU.Build.0 = Release|Any CPU
		{688CE512-4221-4692-9BCB-7965B784A72F}.Debug|Any CPU.ActiveCfg = Debug|Any CPU
		{688CE512-4221-4692-9BCB-7965B784A72F}.Debug|Any CPU.Build.0 = Debug|Any CPU
		{688CE512-4221-4692-9BCB-7965B784A72F}.Release|Any CPU.ActiveCfg = Release|Any CPU
		{688CE512-4221-4692-9BCB-7965B784A72F}.Release|Any CPU.Build.0 = Release|Any CPU
	EndGlobalSection
EndGlobal
