
Microsoft Visual Studio Solution File, Format Version 12.00
Project("{FAE04EC0-301F-11D3-BF4B-00C04F79EFBC}") = "client", "client\client.csproj", "{579832A3-C677-4A2B-8269-582D4B73EB80}"
EndProject
Global
	GlobalSection(SolutionConfigurationPlatforms) = preSolution
		Debug|Any CPU = Debug|Any CPU
		Release|Any CPU = Release|Any CPU
	EndGlobalSection
	GlobalSection(ProjectConfigurationPlatforms) = postSolution
		{579832A3-C677-4A2B-8269-582D4B73EB80}.Debug|Any CPU.ActiveCfg = Debug|Any CPU
		{579832A3-C677-4A2B-8269-582D4B73EB80}.Debug|Any CPU.Build.0 = Debug|Any CPU
		{579832A3-C677-4A2B-8269-582D4B73EB80}.Release|Any CPU.ActiveCfg = Release|Any CPU
		{579832A3-C677-4A2B-8269-582D4B73EB80}.Release|Any CPU.Build.0 = Release|Any CPU
	EndGlobalSection
EndGlobal
